// !$*UTF8*$!
{
	archiveVersion = 1;
	classes = {
	};
	objectVersion = 56;
	objects = {

/* Begin PBXBuildFile section */
		49565EFE29F74D0A00E4B59B /* AppDelegate.swift in Sources */ = {isa = PBXBuildFile; fileRef = 49565EFD29F74D0A00E4B59B /* AppDelegate.swift */; };
		49565F0029F74D0A00E4B59B /* SceneDelegate.swift in Sources */ = {isa = PBXBuildFile; fileRef = 49565EFF29F74D0A00E4B59B /* SceneDelegate.swift */; };
		49565F0229F74D0A00E4B59B /* ViewController.swift in Sources */ = {isa = PBXBuildFile; fileRef = 49565F0129F74D0A00E4B59B /* ViewController.swift */; };
		49565F0729F74D0C00E4B59B /* Assets.xcassets in Resources */ = {isa = PBXBuildFile; fileRef = 49565F0629F74D0C00E4B59B /* Assets.xcassets */; };
		49565F0A29F74D0C00E4B59B /* LaunchScreen.storyboard in Resources */ = {isa = PBXBuildFile; fileRef = 49565F0829F74D0C00E4B59B /* LaunchScreen.storyboard */; };
		49565F1429F74F4400E4B59B /* AppAppearance.swift in Sources */ = {isa = PBXBuildFile; fileRef = 49565F1329F74F4400E4B59B /* AppAppearance.swift */; };
		49565F1629F7510000E4B59B /* AppConfigurations.swift in Sources */ = {isa = PBXBuildFile; fileRef = 49565F1529F7510000E4B59B /* AppConfigurations.swift */; };
/* End PBXBuildFile section */

/* Begin PBXFileReference section */
		49565EFA29F74D0A00E4B59B /* CleanArchitectureSample.app */ = {isa = PBXFileReference; explicitFileType = wrapper.application; includeInIndex = 0; path = CleanArchitectureSample.app; sourceTree = BUILT_PRODUCTS_DIR; };
		49565EFD29F74D0A00E4B59B /* AppDelegate.swift */ = {isa = PBXFileReference; lastKnownFileType = sourcecode.swift; path = AppDelegate.swift; sourceTree = "<group>"; };
		49565EFF29F74D0A00E4B59B /* SceneDelegate.swift */ = {isa = PBXFileReference; lastKnownFileType = sourcecode.swift; path = SceneDelegate.swift; sourceTree = "<group>"; };
		49565F0129F74D0A00E4B59B /* ViewController.swift */ = {isa = PBXFileReference; lastKnownFileType = sourcecode.swift; path = ViewController.swift; sourceTree = "<group>"; };
		49565F0629F74D0C00E4B59B /* Assets.xcassets */ = {isa = PBXFileReference; lastKnownFileType = folder.assetcatalog; path = Assets.xcassets; sourceTree = "<group>"; };
		49565F0929F74D0C00E4B59B /* Base */ = {isa = PBXFileReference; lastKnownFileType = file.storyboard; name = Base; path = Base.lproj/LaunchScreen.storyboard; sourceTree = "<group>"; };
		49565F0B29F74D0C00E4B59B /* Info.plist */ = {isa = PBXFileReference; lastKnownFileType = text.plist.xml; path = Info.plist; sourceTree = "<group>"; };
		49565F1329F74F4400E4B59B /* AppAppearance.swift */ = {isa = PBXFileReference; lastKnownFileType = sourcecode.swift; path = AppAppearance.swift; sourceTree = "<group>"; };
		49565F1529F7510000E4B59B /* AppConfigurations.swift */ = {isa = PBXFileReference; lastKnownFileType = sourcecode.swift; path = AppConfigurations.swift; sourceTree = "<group>"; };
/* End PBXFileReference section */

/* Begin PBXFrameworksBuildPhase section */
		49565EF729F74D0A00E4B59B /* Frameworks */ = {
			isa = PBXFrameworksBuildPhase;
			buildActionMask = 2147483647;
			files = (
			);
			runOnlyForDeploymentPostprocessing = 0;
		};
/* End PBXFrameworksBuildPhase section */

/* Begin PBXGroup section */
		49565EF129F74D0A00E4B59B = {
			isa = PBXGroup;
			children = (
				49565EFC29F74D0A00E4B59B /* CleanArchitectureSample */,
				49565EFB29F74D0A00E4B59B /* Products */,
			);
			sourceTree = "<group>";
		};
		49565EFB29F74D0A00E4B59B /* Products */ = {
			isa = PBXGroup;
			children = (
				49565EFA29F74D0A00E4B59B /* CleanArchitectureSample.app */,
			);
			name = Products;
			sourceTree = "<group>";
		};
		49565EFC29F74D0A00E4B59B /* CleanArchitectureSample */ = {
			isa = PBXGroup;
			children = (
				49565F1229F74F1400E4B59B /* Application */,
				49565F0129F74D0A00E4B59B /* ViewController.swift */,
				49565F0629F74D0C00E4B59B /* Assets.xcassets */,
				49565F0829F74D0C00E4B59B /* LaunchScreen.storyboard */,
				49565F0B29F74D0C00E4B59B /* Info.plist */,
			);
			path = CleanArchitectureSample;
			sourceTree = "<group>";
		};
		49565F1229F74F1400E4B59B /* Application */ = {
			isa = PBXGroup;
			children = (
				49565EFD29F74D0A00E4B59B /* AppDelegate.swift */,
				49565EFF29F74D0A00E4B59B /* SceneDelegate.swift */,
				49565F1329F74F4400E4B59B /* AppAppearance.swift */,
				49565F1529F7510000E4B59B /* AppConfigurations.swift */,
			);
			path = Application;
			sourceTree = "<group>";
		};
/* End PBXGroup section */

/* Begin PBXNativeTarget section */
		49565EF929F74D0A00E4B59B /* CleanArchitectureSample */ = {
			isa = PBXNativeTarget;
			buildConfigurationList = 49565F0E29F74D0C00E4B59B /* Build configuration list for PBXNativeTarget "CleanArchitectureSample" */;
			buildPhases = (
				49565EF629F74D0A00E4B59B /* Sources */,
				49565EF729F74D0A00E4B59B /* Frameworks */,
				49565EF829F74D0A00E4B59B /* Resources */,
			);
			buildRules = (
			);
			dependencies = (
			);
			name = CleanArchitectureSample;
			productName = CleanArchitectureSample;
			productReference = 49565EFA29F74D0A00E4B59B /* CleanArchitectureSample.app */;
			productType = "com.apple.product-type.application";
		};
/* End PBXNativeTarget section */

/* Begin PBXProject section */
		49565EF229F74D0A00E4B59B /* Project object */ = {
			isa = PBXProject;
			attributes = {
				BuildIndependentTargetsInParallel = 1;
				LastSwiftUpdateCheck = 1420;
				LastUpgradeCheck = 1420;
				TargetAttributes = {
					49565EF929F74D0A00E4B59B = {
						CreatedOnToolsVersion = 14.2;
					};
				};
			};
			buildConfigurationList = 49565EF529F74D0A00E4B59B /* Build configuration list for PBXProject "CleanArchitectureSample" */;
			compatibilityVersion = "Xcode 14.0";
			developmentRegion = en;
			hasScannedForEncodings = 0;
			knownRegions = (
				en,
				Base,
			);
			mainGroup = 49565EF129F74D0A00E4B59B;
			productRefGroup = 49565EFB29F74D0A00E4B59B /* Products */;
			projectDirPath = "";
			projectRoot = "";
			targets = (
				49565EF929F74D0A00E4B59B /* CleanArchitectureSample */,
			);
		};
/* End PBXProject section */

/* Begin PBXResourcesBuildPhase section */
		49565EF829F74D0A00E4B59B /* Resources */ = {
			isa = PBXResourcesBuildPhase;
			buildActionMask = 2147483647;
			files = (
				49565F0A29F74D0C00E4B59B /* LaunchScreen.storyboard in Resources */,
				49565F0729F74D0C00E4B59B /* Assets.xcassets in Resources */,
			);
			runOnlyForDeploymentPostprocessing = 0;
		};
/* End PBXResourcesBuildPhase section */

/* Begin PBXSourcesBuildPhase section */
		49565EF629F74D0A00E4B59B /* Sources */ = {
			isa = PBXSourcesBuildPhase;
			buildActionMask = 2147483647;
			files = (
				49565F0229F74D0A00E4B59B /* ViewController.swift in Sources */,
				49565EFE29F74D0A00E4B59B /* AppDelegate.swift in Sources */,
				49565F0029F74D0A00E4B59B /* SceneDelegate.swift in Sources */,
				49565F1629F7510000E4B59B /* AppConfigurations.swift in Sources */,
				49565F1429F74F4400E4B59B /* AppAppearance.swift in Sources */,
			);
			runOnlyForDeploymentPostprocessing = 0;
		};
/* End PBXSourcesBuildPhase section */

/* Begin PBXVariantGroup section */
		49565F0829F74D0C00E4B59B /* LaunchScreen.storyboard */ = {
			isa = PBXVariantGroup;
			children = (
				49565F0929F74D0C00E4B59B /* Base */,
			);
			name = LaunchScreen.storyboard;
			sourceTree = "<group>";
		};
/* End PBXVariantGroup section */

/* Begin XCBuildConfiguration section */
		49565F0C29F74D0C00E4B59B /* Debug */ = {
			isa = XCBuildConfiguration;
			buildSettings = {
				ALWAYS_SEARCH_USER_PATHS = NO;
				CLANG_ANALYZER_NONNULL = YES;
				CLANG_ANALYZER_NUMBER_OBJECT_CONVERSION = YES_AGGRESSIVE;
				CLANG_CXX_LANGUAGE_STANDARD = "gnu++20";
				CLANG_ENABLE_MODULES = YES;
				CLANG_ENABLE_OBJC_ARC = YES;
				CLANG_ENABLE_OBJC_WEAK = YES;
				CLANG_WARN_BLOCK_CAPTURE_AUTORELEASING = YES;
				CLANG_WARN_BOOL_CONVERSION = YES;
				CLANG_WARN_COMMA = YES;
				CLANG_WARN_CONSTANT_CONVERSION = YES;
				CLANG_WARN_DEPRECATED_OBJC_IMPLEMENTATIONS = YES;
				CLANG_WARN_DIRECT_OBJC_ISA_USAGE = YES_ERROR;
				CLANG_WARN_DOCUMENTATION_COMMENTS = YES;
				CLANG_WARN_EMPTY_BODY = YES;
				CLANG_WARN_ENUM_CONVERSION = YES;
				CLANG_WARN_INFINITE_RECURSION = YES;
				CLANG_WARN_INT_CONVERSION = YES;
				CLANG_WARN_NON_LITERAL_NULL_CONVERSION = YES;
				CLANG_WARN_OBJC_IMPLICIT_RETAIN_SELF = YES;
				CLANG_WARN_OBJC_LITERAL_CONVERSION = YES;
				CLANG_WARN_OBJC_ROOT_CLASS = YES_ERROR;
				CLANG_WARN_QUOTED_INCLUDE_IN_FRAMEWORK_HEADER = YES;
				CLANG_WARN_RANGE_LOOP_ANALYSIS = YES;
				CLANG_WARN_STRICT_PROTOTYPES = YES;
				CLANG_WARN_SUSPICIOUS_MOVE = YES;
				CLANG_WARN_UNGUARDED_AVAILABILITY = YES_AGGRESSIVE;
				CLANG_WARN_UNREACHABLE_CODE = YES;
				CLANG_WARN__DUPLICATE_METHOD_MATCH = YES;
				COPY_PHASE_STRIP = NO;
				DEBUG_INFORMATION_FORMAT = dwarf;
				ENABLE_STRICT_OBJC_MSGSEND = YES;
				ENABLE_TESTABILITY = YES;
				GCC_C_LANGUAGE_STANDARD = gnu11;
				GCC_DYNAMIC_NO_PIC = NO;
				GCC_NO_COMMON_BLOCKS = YES;
				GCC_OPTIMIZATION_LEVEL = 0;
				GCC_PREPROCESSOR_DEFINITIONS = (
					"DEBUG=1",
					"$(inherited)",
				);
				GCC_WARN_64_TO_32_BIT_CONVERSION = YES;
				GCC_WARN_ABOUT_RETURN_TYPE = YES_ERROR;
				GCC_WARN_UNDECLARED_SELECTOR = YES;
				GCC_WARN_UNINITIALIZED_AUTOS = YES_AGGRESSIVE;
				GCC_WARN_UNUSED_FUNCTION = YES;
				GCC_WARN_UNUSED_VARIABLE = YES;
				IPHONEOS_DEPLOYMENT_TARGET = 16.2;
				MTL_ENABLE_DEBUG_INFO = INCLUDE_SOURCE;
				MTL_FAST_MATH = YES;
				ONLY_ACTIVE_ARCH = YES;
				SDKROOT = iphoneos;
				SWIFT_ACTIVE_COMPILATION_CONDITIONS = DEBUG;
				SWIFT_OPTIMIZATION_LEVEL = "-Onone";
			};
			name = Debug;
		};
		49565F0D29F74D0C00E4B59B /* Release */ = {
			isa = XCBuildConfiguration;
			buildSettings = {
				ALWAYS_SEARCH_USER_PATHS = NO;
				CLANG_ANALYZER_NONNULL = YES;
				CLANG_ANALYZER_NUMBER_OBJECT_CONVERSION = YES_AGGRESSIVE;
				CLANG_CXX_LANGUAGE_STANDARD = "gnu++20";
				CLANG_ENABLE_MODULES = YES;
				CLANG_ENABLE_OBJC_ARC = YES;
				CLANG_ENABLE_OBJC_WEAK = YES;
				CLANG_WARN_BLOCK_CAPTURE_AUTORELEASING = YES;
				CLANG_WARN_BOOL_CONVERSION = YES;
				CLANG_WARN_COMMA = YES;
				CLANG_WARN_CONSTANT_CONVERSION = YES;
				CLANG_WARN_DEPRECATED_OBJC_IMPLEMENTATIONS = YES;
				CLANG_WARN_DIRECT_OBJC_ISA_USAGE = YES_ERROR;
				CLANG_WARN_DOCUMENTATION_COMMENTS = YES;
				CLANG_WARN_EMPTY_BODY = YES;
				CLANG_WARN_ENUM_CONVERSION = YES;
				CLANG_WARN_INFINITE_RECURSION = YES;
				CLANG_WARN_INT_CONVERSION = YES;
				CLANG_WARN_NON_LITERAL_NULL_CONVERSION = YES;
				CLANG_WARN_OBJC_IMPLICIT_RETAIN_SELF = YES;
				CLANG_WARN_OBJC_LITERAL_CONVERSION = YES;
				CLANG_WARN_OBJC_ROOT_CLASS = YES_ERROR;
				CLANG_WARN_QUOTED_INCLUDE_IN_FRAMEWORK_HEADER = YES;
				CLANG_WARN_RANGE_LOOP_ANALYSIS = YES;
				CLANG_WARN_STRICT_PROTOTYPES = YES;
				CLANG_WARN_SUSPICIOUS_MOVE = YES;
				CLANG_WARN_UNGUARDED_AVAILABILITY = YES_AGGRESSIVE;
				CLANG_WARN_UNREACHABLE_CODE = YES;
				CLANG_WARN__DUPLICATE_METHOD_MATCH = YES;
				COPY_PHASE_STRIP = NO;
				DEBUG_INFORMATION_FORMAT = "dwarf-with-dsym";
				ENABLE_NS_ASSERTIONS = NO;
				ENABLE_STRICT_OBJC_MSGSEND = YES;
				GCC_C_LANGUAGE_STANDARD = gnu11;
				GCC_NO_COMMON_BLOCKS = YES;
				GCC_WARN_64_TO_32_BIT_CONVERSION = YES;
				GCC_WARN_ABOUT_RETURN_TYPE = YES_ERROR;
				GCC_WARN_UNDECLARED_SELECTOR = YES;
				GCC_WARN_UNINITIALIZED_AUTOS = YES_AGGRESSIVE;
				GCC_WARN_UNUSED_FUNCTION = YES;
				GCC_WARN_UNUSED_VARIABLE = YES;
				IPHONEOS_DEPLOYMENT_TARGET = 16.2;
				MTL_ENABLE_DEBUG_INFO = NO;
				MTL_FAST_MATH = YES;
				SDKROOT = iphoneos;
				SWIFT_COMPILATION_MODE = wholemodule;
				SWIFT_OPTIMIZATION_LEVEL = "-O";
				VALIDATE_PRODUCT = YES;
			};
			name = Release;
		};
		49565F0F29F74D0C00E4B59B /* Debug */ = {
			isa = XCBuildConfiguration;
			buildSettings = {
				ASSETCATALOG_COMPILER_APPICON_NAME = AppIcon;
				ASSETCATALOG_COMPILER_GLOBAL_ACCENT_COLOR_NAME = AccentColor;
				CODE_SIGN_STYLE = Automatic;
				CURRENT_PROJECT_VERSION = 1;
				DEVELOPMENT_TEAM = HDFLLXK789;
				GENERATE_INFOPLIST_FILE = YES;
				INFOPLIST_FILE = CleanArchitectureSample/Info.plist;
				INFOPLIST_KEY_UIApplicationSupportsIndirectInputEvents = YES;
				INFOPLIST_KEY_UILaunchStoryboardName = LaunchScreen;
				INFOPLIST_KEY_UIMainStoryboardFile = "";
				INFOPLIST_KEY_UISupportedInterfaceOrientations_iPad = "UIInterfaceOrientationPortrait UIInterfaceOrientationPortraitUpsideDown UIInterfaceOrientationLandscapeLeft UIInterfaceOrientationLandscapeRight";
				INFOPLIST_KEY_UISupportedInterfaceOrientations_iPhone = "UIInterfaceOrientationPortrait UIInterfaceOrientationLandscapeLeft UIInterfaceOrientationLandscapeRight";
				LD_RUNPATH_SEARCH_PATHS = (
					"$(inherited)",
					"@executable_path/Frameworks",
				);
				MARKETING_VERSION = 1.0;
				PRODUCT_BUNDLE_IDENTIFIER = com.ycompany.CleanArchitectureSample;
				PRODUCT_NAME = "$(TARGET_NAME)";
				SWIFT_EMIT_LOC_STRINGS = YES;
				SWIFT_VERSION = 5.0;
				TARGETED_DEVICE_FAMILY = "1,2";
			};
			name = Debug;
		};
		49565F1029F74D0C00E4B59B /* Release */ = {
			isa = XCBuildConfiguration;
			buildSettings = {
				ASSETCATALOG_COMPILER_APPICON_NAME = AppIcon;
				ASSETCATALOG_COMPILER_GLOBAL_ACCENT_COLOR_NAME = AccentColor;
				CODE_SIGN_STYLE = Automatic;
				CURRENT_PROJECT_VERSION = 1;
				DEVELOPMENT_TEAM = HDFLLXK789;
				GENERATE_INFOPLIST_FILE = YES;
				INFOPLIST_FILE = CleanArchitectureSample/Info.plist;
				INFOPLIST_KEY_UIApplicationSupportsIndirectInputEvents = YES;
				INFOPLIST_KEY_UILaunchStoryboardName = LaunchScreen;
				INFOPLIST_KEY_UIMainStoryboardFile = "";
				INFOPLIST_KEY_UISupportedInterfaceOrientations_iPad = "UIInterfaceOrientationPortrait UIInterfaceOrientationPortraitUpsideDown UIInterfaceOrientationLandscapeLeft UIInterfaceOrientationLandscapeRight";
				INFOPLIST_KEY_UISupportedInterfaceOrientations_iPhone = "UIInterfaceOrientationPortrait UIInterfaceOrientationLandscapeLeft UIInterfaceOrientationLandscapeRight";
				LD_RUNPATH_SEARCH_PATHS = (
					"$(inherited)",
					"@executable_path/Frameworks",
				);
				MARKETING_VERSION = 1.0;
				PRODUCT_BUNDLE_IDENTIFIER = com.ycompany.CleanArchitectureSample;
				PRODUCT_NAME = "$(TARGET_NAME)";
				SWIFT_EMIT_LOC_STRINGS = YES;
				SWIFT_VERSION = 5.0;
				TARGETED_DEVICE_FAMILY = "1,2";
			};
			name = Release;
		};
/* End XCBuildConfiguration section */

/* Begin XCConfigurationList section */
		49565EF529F74D0A00E4B59B /* Build configuration list for PBXProject "CleanArchitectureSample" */ = {
			isa = XCConfigurationList;
			buildConfigurations = (
				49565F0C29F74D0C00E4B59B /* Debug */,
				49565F0D29F74D0C00E4B59B /* Release */,
			);
			defaultConfigurationIsVisible = 0;
			defaultConfigurationName = Release;
		};
		49565F0E29F74D0C00E4B59B /* Build configuration list for PBXNativeTarget "CleanArchitectureSample" */ = {
			isa = XCConfigurationList;
			buildConfigurations = (
				49565F0F29F74D0C00E4B59B /* Debug */,
				49565F1029F74D0C00E4B59B /* Release */,
			);
			defaultConfigurationIsVisible = 0;
			defaultConfigurationName = Release;
		};
/* End XCConfigurationList section */
	};
	rootObject = 49565EF229F74D0A00E4B59B /* Project object */;
}
