// !$*UTF8*$!
{
	archiveVersion = 1;
	classes = {
	};
	objectVersion = 56;
	objects = {

/* Begin PBXBuildFile section */
		490E884429FB85780016F155 /* AccessibilityIdentifier.swift in Sources */ = {isa = PBXBuildFile; fileRef = 490E884329FB85780016F155 /* AccessibilityIdentifier.swift */; };
		490E884729FB8B900016F155 /* SnapKit in Frameworks */ = {isa = PBXBuildFile; productRef = 490E884629FB8B900016F155 /* SnapKit */; };
		490E884A29FB8C020016F155 /* MoviesSceneDIContainer.swift in Sources */ = {isa = PBXBuildFile; fileRef = 490E884929FB8C020016F155 /* MoviesSceneDIContainer.swift */; };
		490E884C29FB8E270016F155 /* MovieDetailsViewController.swift in Sources */ = {isa = PBXBuildFile; fileRef = 490E884B29FB8E270016F155 /* MovieDetailsViewController.swift */; };
		490E885029FB8FEC0016F155 /* MovieDetailsViewModel.swift in Sources */ = {isa = PBXBuildFile; fileRef = 490E884F29FB8FEC0016F155 /* MovieDetailsViewModel.swift */; };
		490E885329FB98650016F155 /* MovieQueriesTableViewController.swift in Sources */ = {isa = PBXBuildFile; fileRef = 490E885229FB98650016F155 /* MovieQueriesTableViewController.swift */; };
		490E885829FB9A770016F155 /* MoviesQueriesItemCell.swift in Sources */ = {isa = PBXBuildFile; fileRef = 490E885729FB9A770016F155 /* MoviesQueriesItemCell.swift */; };
		490E885B29FBAAA50016F155 /* MoviesQueryListViewModel.swift in Sources */ = {isa = PBXBuildFile; fileRef = 490E885A29FBAAA50016F155 /* MoviesQueryListViewModel.swift */; };
		490E885D29FBAB050016F155 /* MoviesQueryListItemViewModel.swift in Sources */ = {isa = PBXBuildFile; fileRef = 490E885C29FBAB050016F155 /* MoviesQueryListItemViewModel.swift */; };
		493F474329F9FD7100A49730 /* Movie.swift in Sources */ = {isa = PBXBuildFile; fileRef = 493F474229F9FD7100A49730 /* Movie.swift */; };
		493F474529F9FE1200A49730 /* MovieQuery.swift in Sources */ = {isa = PBXBuildFile; fileRef = 493F474429F9FE1200A49730 /* MovieQuery.swift */; };
		493F474929F9FE5100A49730 /* SearchMoviesUseCase.swift in Sources */ = {isa = PBXBuildFile; fileRef = 493F474829F9FE5100A49730 /* SearchMoviesUseCase.swift */; };
		493F474B29F9FEE400A49730 /* Cancellable.swift in Sources */ = {isa = PBXBuildFile; fileRef = 493F474A29F9FEE400A49730 /* Cancellable.swift */; };
		493F474E29FA009B00A49730 /* MoviesRepository.swift in Sources */ = {isa = PBXBuildFile; fileRef = 493F474D29FA009B00A49730 /* MoviesRepository.swift */; };
		493F475229FA02A900A49730 /* MoviesQueriesRepository.swift in Sources */ = {isa = PBXBuildFile; fileRef = 493F475129FA02A900A49730 /* MoviesQueriesRepository.swift */; };
		493F475429FA239600A49730 /* FetchRecentMovieQueriesUseCase.swift in Sources */ = {isa = PBXBuildFile; fileRef = 493F475329FA239500A49730 /* FetchRecentMovieQueriesUseCase.swift */; };
		493F475729FA24E700A49730 /* UseCase.swift in Sources */ = {isa = PBXBuildFile; fileRef = 493F475629FA24E700A49730 /* UseCase.swift */; };
		493F475A29FA2A6400A49730 /* PosterImagesRepository.swift in Sources */ = {isa = PBXBuildFile; fileRef = 493F475929FA2A6400A49730 /* PosterImagesRepository.swift */; };
		493F475C29FA2F8F00A49730 /* MoviesSearchFlowCoordinator.swift in Sources */ = {isa = PBXBuildFile; fileRef = 493F475B29FA2F8F00A49730 /* MoviesSearchFlowCoordinator.swift */; };
		493F475E29FA30C900A49730 /* MovieListViewModel.swift in Sources */ = {isa = PBXBuildFile; fileRef = 493F475D29FA30C900A49730 /* MovieListViewModel.swift */; };
		493F476029FA331F00A49730 /* Observable.swift in Sources */ = {isa = PBXBuildFile; fileRef = 493F475F29FA331F00A49730 /* Observable.swift */; };
		493F476229FA3ABF00A49730 /* MovieListItemViewModel.swift in Sources */ = {isa = PBXBuildFile; fileRef = 493F476129FA3ABF00A49730 /* MovieListItemViewModel.swift */; };
		493F476429FA51EC00A49730 /* DispatchQueueType.swift in Sources */ = {isa = PBXBuildFile; fileRef = 493F476329FA51EC00A49730 /* DispatchQueueType.swift */; };
		493F476629FA5A2F00A49730 /* ConnectionError.swift in Sources */ = {isa = PBXBuildFile; fileRef = 493F476529FA5A2F00A49730 /* ConnectionError.swift */; };
		493F476E29FA5EF200A49730 /* MoviesListViewController.swift in Sources */ = {isa = PBXBuildFile; fileRef = 493F476D29FA5EF200A49730 /* MoviesListViewController.swift */; };
		493F477129FA5F1E00A49730 /* Alertable.swift in Sources */ = {isa = PBXBuildFile; fileRef = 493F477029FA5F1E00A49730 /* Alertable.swift */; };
		49565EFE29F74D0A00E4B59B /* AppDelegate.swift in Sources */ = {isa = PBXBuildFile; fileRef = 49565EFD29F74D0A00E4B59B /* AppDelegate.swift */; };
		49565F0029F74D0A00E4B59B /* SceneDelegate.swift in Sources */ = {isa = PBXBuildFile; fileRef = 49565EFF29F74D0A00E4B59B /* SceneDelegate.swift */; };
		49565F0729F74D0C00E4B59B /* Assets.xcassets in Resources */ = {isa = PBXBuildFile; fileRef = 49565F0629F74D0C00E4B59B /* Assets.xcassets */; };
		49565F0A29F74D0C00E4B59B /* LaunchScreen.storyboard in Resources */ = {isa = PBXBuildFile; fileRef = 49565F0829F74D0C00E4B59B /* LaunchScreen.storyboard */; };
		49565F1429F74F4400E4B59B /* AppAppearance.swift in Sources */ = {isa = PBXBuildFile; fileRef = 49565F1329F74F4400E4B59B /* AppAppearance.swift */; };
		49565F1629F7510000E4B59B /* AppConfigurations.swift in Sources */ = {isa = PBXBuildFile; fileRef = 49565F1529F7510000E4B59B /* AppConfigurations.swift */; };
		49565F1829F7549B00E4B59B /* AppDIContainer.swift in Sources */ = {isa = PBXBuildFile; fileRef = 49565F1729F7549B00E4B59B /* AppDIContainer.swift */; };
		49565F1A29F754EC00E4B59B /* DataTransferService.swift in Sources */ = {isa = PBXBuildFile; fileRef = 49565F1929F754EC00E4B59B /* DataTransferService.swift */; };
		49565F1C29F7553800E4B59B /* NetworkService.swift in Sources */ = {isa = PBXBuildFile; fileRef = 49565F1B29F7553800E4B59B /* NetworkService.swift */; };
		49565F1E29F755DD00E4B59B /* Endpoint.swift in Sources */ = {isa = PBXBuildFile; fileRef = 49565F1D29F755DD00E4B59B /* Endpoint.swift */; };
		49565F2029F7584600E4B59B /* NetworkConfig.swift in Sources */ = {isa = PBXBuildFile; fileRef = 49565F1F29F7584600E4B59B /* NetworkConfig.swift */; };
/* End PBXBuildFile section */

/* Begin PBXFileReference section */
		490E884329FB85780016F155 /* AccessibilityIdentifier.swift */ = {isa = PBXFileReference; lastKnownFileType = sourcecode.swift; path = AccessibilityIdentifier.swift; sourceTree = "<group>"; };
		490E884929FB8C020016F155 /* MoviesSceneDIContainer.swift */ = {isa = PBXFileReference; lastKnownFileType = sourcecode.swift; path = MoviesSceneDIContainer.swift; sourceTree = "<group>"; };
		490E884B29FB8E270016F155 /* MovieDetailsViewController.swift */ = {isa = PBXFileReference; lastKnownFileType = sourcecode.swift; path = MovieDetailsViewController.swift; sourceTree = "<group>"; };
		490E884F29FB8FEC0016F155 /* MovieDetailsViewModel.swift */ = {isa = PBXFileReference; lastKnownFileType = sourcecode.swift; path = MovieDetailsViewModel.swift; sourceTree = "<group>"; };
		490E885229FB98650016F155 /* MovieQueriesTableViewController.swift */ = {isa = PBXFileReference; lastKnownFileType = sourcecode.swift; path = MovieQueriesTableViewController.swift; sourceTree = "<group>"; };
		490E885729FB9A770016F155 /* MoviesQueriesItemCell.swift */ = {isa = PBXFileReference; lastKnownFileType = sourcecode.swift; path = MoviesQueriesItemCell.swift; sourceTree = "<group>"; };
		490E885A29FBAAA50016F155 /* MoviesQueryListViewModel.swift */ = {isa = PBXFileReference; lastKnownFileType = sourcecode.swift; path = MoviesQueryListViewModel.swift; sourceTree = "<group>"; };
		490E885C29FBAB050016F155 /* MoviesQueryListItemViewModel.swift */ = {isa = PBXFileReference; lastKnownFileType = sourcecode.swift; path = MoviesQueryListItemViewModel.swift; sourceTree = "<group>"; };
		493F474229F9FD7100A49730 /* Movie.swift */ = {isa = PBXFileReference; lastKnownFileType = sourcecode.swift; path = Movie.swift; sourceTree = "<group>"; };
		493F474429F9FE1200A49730 /* MovieQuery.swift */ = {isa = PBXFileReference; lastKnownFileType = sourcecode.swift; path = MovieQuery.swift; sourceTree = "<group>"; };
		493F474829F9FE5100A49730 /* SearchMoviesUseCase.swift */ = {isa = PBXFileReference; lastKnownFileType = sourcecode.swift; path = SearchMoviesUseCase.swift; sourceTree = "<group>"; };
		493F474A29F9FEE400A49730 /* Cancellable.swift */ = {isa = PBXFileReference; lastKnownFileType = sourcecode.swift; path = Cancellable.swift; sourceTree = "<group>"; };
		493F474D29FA009B00A49730 /* MoviesRepository.swift */ = {isa = PBXFileReference; lastKnownFileType = sourcecode.swift; path = MoviesRepository.swift; sourceTree = "<group>"; };
		493F475129FA02A900A49730 /* MoviesQueriesRepository.swift */ = {isa = PBXFileReference; lastKnownFileType = sourcecode.swift; path = MoviesQueriesRepository.swift; sourceTree = "<group>"; };
		493F475329FA239500A49730 /* FetchRecentMovieQueriesUseCase.swift */ = {isa = PBXFileReference; lastKnownFileType = sourcecode.swift; path = FetchRecentMovieQueriesUseCase.swift; sourceTree = "<group>"; };
		493F475629FA24E700A49730 /* UseCase.swift */ = {isa = PBXFileReference; lastKnownFileType = sourcecode.swift; path = UseCase.swift; sourceTree = "<group>"; };
		493F475929FA2A6400A49730 /* PosterImagesRepository.swift */ = {isa = PBXFileReference; lastKnownFileType = sourcecode.swift; path = PosterImagesRepository.swift; sourceTree = "<group>"; };
		493F475B29FA2F8F00A49730 /* MoviesSearchFlowCoordinator.swift */ = {isa = PBXFileReference; lastKnownFileType = sourcecode.swift; path = MoviesSearchFlowCoordinator.swift; sourceTree = "<group>"; };
		493F475D29FA30C900A49730 /* MovieListViewModel.swift */ = {isa = PBXFileReference; lastKnownFileType = sourcecode.swift; path = MovieListViewModel.swift; sourceTree = "<group>"; };
		493F475F29FA331F00A49730 /* Observable.swift */ = {isa = PBXFileReference; lastKnownFileType = sourcecode.swift; path = Observable.swift; sourceTree = "<group>"; };
		493F476129FA3ABF00A49730 /* MovieListItemViewModel.swift */ = {isa = PBXFileReference; lastKnownFileType = sourcecode.swift; path = MovieListItemViewModel.swift; sourceTree = "<group>"; };
		493F476329FA51EC00A49730 /* DispatchQueueType.swift */ = {isa = PBXFileReference; lastKnownFileType = sourcecode.swift; path = DispatchQueueType.swift; sourceTree = "<group>"; };
		493F476529FA5A2F00A49730 /* ConnectionError.swift */ = {isa = PBXFileReference; lastKnownFileType = sourcecode.swift; path = ConnectionError.swift; sourceTree = "<group>"; };
		493F476D29FA5EF200A49730 /* MoviesListViewController.swift */ = {isa = PBXFileReference; lastKnownFileType = sourcecode.swift; path = MoviesListViewController.swift; sourceTree = "<group>"; };
		493F477029FA5F1E00A49730 /* Alertable.swift */ = {isa = PBXFileReference; lastKnownFileType = sourcecode.swift; path = Alertable.swift; sourceTree = "<group>"; };
		49565EFA29F74D0A00E4B59B /* CleanArchitectureSample.app */ = {isa = PBXFileReference; explicitFileType = wrapper.application; includeInIndex = 0; path = CleanArchitectureSample.app; sourceTree = BUILT_PRODUCTS_DIR; };
		49565EFD29F74D0A00E4B59B /* AppDelegate.swift */ = {isa = PBXFileReference; lastKnownFileType = sourcecode.swift; path = AppDelegate.swift; sourceTree = "<group>"; };
		49565EFF29F74D0A00E4B59B /* SceneDelegate.swift */ = {isa = PBXFileReference; lastKnownFileType = sourcecode.swift; path = SceneDelegate.swift; sourceTree = "<group>"; };
		49565F0629F74D0C00E4B59B /* Assets.xcassets */ = {isa = PBXFileReference; lastKnownFileType = folder.assetcatalog; path = Assets.xcassets; sourceTree = "<group>"; };
		49565F0929F74D0C00E4B59B /* Base */ = {isa = PBXFileReference; lastKnownFileType = file.storyboard; name = Base; path = Base.lproj/LaunchScreen.storyboard; sourceTree = "<group>"; };
		49565F0B29F74D0C00E4B59B /* Info.plist */ = {isa = PBXFileReference; lastKnownFileType = text.plist.xml; path = Info.plist; sourceTree = "<group>"; };
		49565F1329F74F4400E4B59B /* AppAppearance.swift */ = {isa = PBXFileReference; lastKnownFileType = sourcecode.swift; path = AppAppearance.swift; sourceTree = "<group>"; };
		49565F1529F7510000E4B59B /* AppConfigurations.swift */ = {isa = PBXFileReference; lastKnownFileType = sourcecode.swift; path = AppConfigurations.swift; sourceTree = "<group>"; };
		49565F1729F7549B00E4B59B /* AppDIContainer.swift */ = {isa = PBXFileReference; lastKnownFileType = sourcecode.swift; path = AppDIContainer.swift; sourceTree = "<group>"; };
		49565F1929F754EC00E4B59B /* DataTransferService.swift */ = {isa = PBXFileReference; lastKnownFileType = sourcecode.swift; path = DataTransferService.swift; sourceTree = "<group>"; };
		49565F1B29F7553800E4B59B /* NetworkService.swift */ = {isa = PBXFileReference; lastKnownFileType = sourcecode.swift; path = NetworkService.swift; sourceTree = "<group>"; };
		49565F1D29F755DD00E4B59B /* Endpoint.swift */ = {isa = PBXFileReference; lastKnownFileType = sourcecode.swift; path = Endpoint.swift; sourceTree = "<group>"; };
		49565F1F29F7584600E4B59B /* NetworkConfig.swift */ = {isa = PBXFileReference; lastKnownFileType = sourcecode.swift; path = NetworkConfig.swift; sourceTree = "<group>"; };
/* End PBXFileReference section */

/* Begin PBXFrameworksBuildPhase section */
		49565EF729F74D0A00E4B59B /* Frameworks */ = {
			isa = PBXFrameworksBuildPhase;
			buildActionMask = 2147483647;
			files = (
				490E884729FB8B900016F155 /* SnapKit in Frameworks */,
			);
			runOnlyForDeploymentPostprocessing = 0;
		};
/* End PBXFrameworksBuildPhase section */

/* Begin PBXGroup section */
		490E884829FB8BF20016F155 /* DIContainer */ = {
			isa = PBXGroup;
			children = (
				49565F1729F7549B00E4B59B /* AppDIContainer.swift */,
				490E884929FB8C020016F155 /* MoviesSceneDIContainer.swift */,
			);
			path = DIContainer;
			sourceTree = "<group>";
		};
		490E884D29FB8E2B0016F155 /* MovieDetails */ = {
			isa = PBXGroup;
			children = (
				490E884E29FB8E3A0016F155 /* View */,
				490E885129FB8FF00016F155 /* ViewModel */,
			);
			path = MovieDetails;
			sourceTree = "<group>";
		};
		490E884E29FB8E3A0016F155 /* View */ = {
			isa = PBXGroup;
			children = (
				490E884B29FB8E270016F155 /* MovieDetailsViewController.swift */,
			);
			path = View;
			sourceTree = "<group>";
		};
		490E885129FB8FF00016F155 /* ViewModel */ = {
			isa = PBXGroup;
			children = (
				490E884F29FB8FEC0016F155 /* MovieDetailsViewModel.swift */,
			);
			path = ViewModel;
			sourceTree = "<group>";
		};
		490E885429FB98680016F155 /* MoviesQueriesList */ = {
			isa = PBXGroup;
			children = (
				490E885E29FBAF1B0016F155 /* ViewModel */,
				490E885529FB98780016F155 /* View */,
			);
			path = MoviesQueriesList;
			sourceTree = "<group>";
		};
		490E885529FB98780016F155 /* View */ = {
			isa = PBXGroup;
			children = (
				490E885629FB987E0016F155 /* UIKit */,
				490E885929FBAA400016F155 /* Cells */,
			);
			path = View;
			sourceTree = "<group>";
		};
		490E885629FB987E0016F155 /* UIKit */ = {
			isa = PBXGroup;
			children = (
				490E885229FB98650016F155 /* MovieQueriesTableViewController.swift */,
			);
			path = UIKit;
			sourceTree = "<group>";
		};
		490E885929FBAA400016F155 /* Cells */ = {
			isa = PBXGroup;
			children = (
				490E885729FB9A770016F155 /* MoviesQueriesItemCell.swift */,
			);
			path = Cells;
			sourceTree = "<group>";
		};
		490E885E29FBAF1B0016F155 /* ViewModel */ = {
			isa = PBXGroup;
			children = (
				490E885A29FBAAA50016F155 /* MoviesQueryListViewModel.swift */,
				490E885C29FBAB050016F155 /* MoviesQueryListItemViewModel.swift */,
			);
			path = ViewModel;
			sourceTree = "<group>";
		};
		493F474029F9FD5200A49730 /* Network */ = {
			isa = PBXGroup;
			children = (
				49565F1929F754EC00E4B59B /* DataTransferService.swift */,
				49565F1B29F7553800E4B59B /* NetworkService.swift */,
				49565F1D29F755DD00E4B59B /* Endpoint.swift */,
				49565F1F29F7584600E4B59B /* NetworkConfig.swift */,
			);
			path = Network;
			sourceTree = "<group>";
		};
		493F474129F9FD5700A49730 /* Infrastructure */ = {
			isa = PBXGroup;
			children = (
				493F474029F9FD5200A49730 /* Network */,
			);
			path = Infrastructure;
			sourceTree = "<group>";
		};
		493F474629F9FE2500A49730 /* Entities */ = {
			isa = PBXGroup;
			children = (
				493F474229F9FD7100A49730 /* Movie.swift */,
				493F474429F9FE1200A49730 /* MovieQuery.swift */,
			);
			path = Entities;
			sourceTree = "<group>";
		};
		493F474729F9FE3100A49730 /* Domain */ = {
			isa = PBXGroup;
			children = (
				493F474629F9FE2500A49730 /* Entities */,
				493F475529FA239E00A49730 /* UseCases */,
				493F475029FA024100A49730 /* Interfaces */,
			);
			path = Domain;
			sourceTree = "<group>";
		};
		493F474C29F9FEFE00A49730 /* Common */ = {
			isa = PBXGroup;
			children = (
				493F474A29F9FEE400A49730 /* Cancellable.swift */,
				493F476329FA51EC00A49730 /* DispatchQueueType.swift */,
				493F476529FA5A2F00A49730 /* ConnectionError.swift */,
			);
			path = Common;
			sourceTree = "<group>";
		};
		493F474F29FA023500A49730 /* Repositories */ = {
			isa = PBXGroup;
			children = (
				493F474D29FA009B00A49730 /* MoviesRepository.swift */,
				493F475129FA02A900A49730 /* MoviesQueriesRepository.swift */,
				493F475929FA2A6400A49730 /* PosterImagesRepository.swift */,
			);
			path = Repositories;
			sourceTree = "<group>";
		};
		493F475029FA024100A49730 /* Interfaces */ = {
			isa = PBXGroup;
			children = (
				493F474F29FA023500A49730 /* Repositories */,
			);
			path = Interfaces;
			sourceTree = "<group>";
		};
		493F475529FA239E00A49730 /* UseCases */ = {
			isa = PBXGroup;
			children = (
				493F474829F9FE5100A49730 /* SearchMoviesUseCase.swift */,
				493F475329FA239500A49730 /* FetchRecentMovieQueriesUseCase.swift */,
				493F475829FA2A2600A49730 /* Protocol */,
			);
			path = UseCases;
			sourceTree = "<group>";
		};
		493F475829FA2A2600A49730 /* Protocol */ = {
			isa = PBXGroup;
			children = (
				493F475629FA24E700A49730 /* UseCase.swift */,
			);
			path = Protocol;
			sourceTree = "<group>";
		};
		493F476729FA5DDF00A49730 /* Presentation */ = {
			isa = PBXGroup;
			children = (
				493F476829FA5DEB00A49730 /* Flows */,
				493F476A29FA5DFB00A49730 /* MoviesList */,
				490E884D29FB8E2B0016F155 /* MovieDetails */,
				490E885429FB98680016F155 /* MoviesQueriesList */,
			);
			path = Presentation;
			sourceTree = "<group>";
		};
		493F476829FA5DEB00A49730 /* Flows */ = {
			isa = PBXGroup;
			children = (
				493F475B29FA2F8F00A49730 /* MoviesSearchFlowCoordinator.swift */,
			);
			path = Flows;
			sourceTree = "<group>";
		};
		493F476A29FA5DFB00A49730 /* MoviesList */ = {
			isa = PBXGroup;
			children = (
				493F476B29FA5E0800A49730 /* ViewModel */,
				493F476F29FA5EF500A49730 /* View */,
			);
			path = MoviesList;
			sourceTree = "<group>";
		};
		493F476B29FA5E0800A49730 /* ViewModel */ = {
			isa = PBXGroup;
			children = (
				493F475D29FA30C900A49730 /* MovieListViewModel.swift */,
				493F476129FA3ABF00A49730 /* MovieListItemViewModel.swift */,
			);
			path = ViewModel;
			sourceTree = "<group>";
		};
		493F476C29FA5E1500A49730 /* Utils */ = {
			isa = PBXGroup;
			children = (
				493F475F29FA331F00A49730 /* Observable.swift */,
				493F477029FA5F1E00A49730 /* Alertable.swift */,
				490E884329FB85780016F155 /* AccessibilityIdentifier.swift */,
			);
			path = Utils;
			sourceTree = "<group>";
		};
		493F476F29FA5EF500A49730 /* View */ = {
			isa = PBXGroup;
			children = (
				493F476D29FA5EF200A49730 /* MoviesListViewController.swift */,
			);
			path = View;
			sourceTree = "<group>";
		};
		49565EF129F74D0A00E4B59B = {
			isa = PBXGroup;
			children = (
				49565EFC29F74D0A00E4B59B /* CleanArchitectureSample */,
				49565EFB29F74D0A00E4B59B /* Products */,
			);
			sourceTree = "<group>";
		};
		49565EFB29F74D0A00E4B59B /* Products */ = {
			isa = PBXGroup;
			children = (
				49565EFA29F74D0A00E4B59B /* CleanArchitectureSample.app */,
			);
			name = Products;
			sourceTree = "<group>";
		};
		49565EFC29F74D0A00E4B59B /* CleanArchitectureSample */ = {
			isa = PBXGroup;
			children = (
				49565F1229F74F1400E4B59B /* Application */,
				49565F0629F74D0C00E4B59B /* Assets.xcassets */,
				49565F0829F74D0C00E4B59B /* LaunchScreen.storyboard */,
				49565F0B29F74D0C00E4B59B /* Info.plist */,
				493F474129F9FD5700A49730 /* Infrastructure */,
				493F474729F9FE3100A49730 /* Domain */,
				493F474C29F9FEFE00A49730 /* Common */,
				493F476729FA5DDF00A49730 /* Presentation */,
				493F476C29FA5E1500A49730 /* Utils */,
			);
			path = CleanArchitectureSample;
			sourceTree = "<group>";
		};
		49565F1229F74F1400E4B59B /* Application */ = {
			isa = PBXGroup;
			children = (
				49565EFD29F74D0A00E4B59B /* AppDelegate.swift */,
				49565EFF29F74D0A00E4B59B /* SceneDelegate.swift */,
				49565F1329F74F4400E4B59B /* AppAppearance.swift */,
				49565F1529F7510000E4B59B /* AppConfigurations.swift */,
				490E884829FB8BF20016F155 /* DIContainer */,
			);
			path = Application;
			sourceTree = "<group>";
		};
/* End PBXGroup section */

/* Begin PBXNativeTarget section */
		49565EF929F74D0A00E4B59B /* CleanArchitectureSample */ = {
			isa = PBXNativeTarget;
			buildConfigurationList = 49565F0E29F74D0C00E4B59B /* Build configuration list for PBXNativeTarget "CleanArchitectureSample" */;
			buildPhases = (
				49565EF629F74D0A00E4B59B /* Sources */,
				49565EF729F74D0A00E4B59B /* Frameworks */,
				49565EF829F74D0A00E4B59B /* Resources */,
			);
			buildRules = (
			);
			dependencies = (
			);
			name = CleanArchitectureSample;
			packageProductDependencies = (
				490E884629FB8B900016F155 /* SnapKit */,
			);
			productName = CleanArchitectureSample;
			productReference = 49565EFA29F74D0A00E4B59B /* CleanArchitectureSample.app */;
			productType = "com.apple.product-type.application";
		};
/* End PBXNativeTarget section */

/* Begin PBXProject section */
		49565EF229F74D0A00E4B59B /* Project object */ = {
			isa = PBXProject;
			attributes = {
				BuildIndependentTargetsInParallel = 1;
				LastSwiftUpdateCheck = 1420;
				LastUpgradeCheck = 1420;
				TargetAttributes = {
					49565EF929F74D0A00E4B59B = {
						CreatedOnToolsVersion = 14.2;
					};
				};
			};
			buildConfigurationList = 49565EF529F74D0A00E4B59B /* Build configuration list for PBXProject "CleanArchitectureSample" */;
			compatibilityVersion = "Xcode 14.0";
			developmentRegion = en;
			hasScannedForEncodings = 0;
			knownRegions = (
				en,
				Base,
			);
			mainGroup = 49565EF129F74D0A00E4B59B;
			packageReferences = (
				490E884529FB8B900016F155 /* XCRemoteSwiftPackageReference "SnapKit" */,
			);
			productRefGroup = 49565EFB29F74D0A00E4B59B /* Products */;
			projectDirPath = "";
			projectRoot = "";
			targets = (
				49565EF929F74D0A00E4B59B /* CleanArchitectureSample */,
			);
		};
/* End PBXProject section */

/* Begin PBXResourcesBuildPhase section */
		49565EF829F74D0A00E4B59B /* Resources */ = {
			isa = PBXResourcesBuildPhase;
			buildActionMask = 2147483647;
			files = (
				49565F0A29F74D0C00E4B59B /* LaunchScreen.storyboard in Resources */,
				49565F0729F74D0C00E4B59B /* Assets.xcassets in Resources */,
			);
			runOnlyForDeploymentPostprocessing = 0;
		};
/* End PBXResourcesBuildPhase section */

/* Begin PBXSourcesBuildPhase section */
		49565EF629F74D0A00E4B59B /* Sources */ = {
			isa = PBXSourcesBuildPhase;
			buildActionMask = 2147483647;
			files = (
				493F477129FA5F1E00A49730 /* Alertable.swift in Sources */,
				493F476029FA331F00A49730 /* Observable.swift in Sources */,
				490E885329FB98650016F155 /* MovieQueriesTableViewController.swift in Sources */,
				493F474B29F9FEE400A49730 /* Cancellable.swift in Sources */,
				493F474E29FA009B00A49730 /* MoviesRepository.swift in Sources */,
				493F474929F9FE5100A49730 /* SearchMoviesUseCase.swift in Sources */,
				493F475C29FA2F8F00A49730 /* MoviesSearchFlowCoordinator.swift in Sources */,
				49565F1A29F754EC00E4B59B /* DataTransferService.swift in Sources */,
				493F476229FA3ABF00A49730 /* MovieListItemViewModel.swift in Sources */,
				490E884A29FB8C020016F155 /* MoviesSceneDIContainer.swift in Sources */,
				49565F1E29F755DD00E4B59B /* Endpoint.swift in Sources */,
				493F476629FA5A2F00A49730 /* ConnectionError.swift in Sources */,
				493F476429FA51EC00A49730 /* DispatchQueueType.swift in Sources */,
				49565F1C29F7553800E4B59B /* NetworkService.swift in Sources */,
				49565EFE29F74D0A00E4B59B /* AppDelegate.swift in Sources */,
				493F474529F9FE1200A49730 /* MovieQuery.swift in Sources */,
				493F475429FA239600A49730 /* FetchRecentMovieQueriesUseCase.swift in Sources */,
				493F475229FA02A900A49730 /* MoviesQueriesRepository.swift in Sources */,
				49565F1829F7549B00E4B59B /* AppDIContainer.swift in Sources */,
				490E884C29FB8E270016F155 /* MovieDetailsViewController.swift in Sources */,
				49565F2029F7584600E4B59B /* NetworkConfig.swift in Sources */,
				490E885B29FBAAA50016F155 /* MoviesQueryListViewModel.swift in Sources */,
				490E885029FB8FEC0016F155 /* MovieDetailsViewModel.swift in Sources */,
				490E885829FB9A770016F155 /* MoviesQueriesItemCell.swift in Sources */,
				49565F0029F74D0A00E4B59B /* SceneDelegate.swift in Sources */,
				49565F1629F7510000E4B59B /* AppConfigurations.swift in Sources */,
				493F475A29FA2A6400A49730 /* PosterImagesRepository.swift in Sources */,
				493F475E29FA30C900A49730 /* MovieListViewModel.swift in Sources */,
				490E884429FB85780016F155 /* AccessibilityIdentifier.swift in Sources */,
				490E885D29FBAB050016F155 /* MoviesQueryListItemViewModel.swift in Sources */,
				493F475729FA24E700A49730 /* UseCase.swift in Sources */,
				493F476E29FA5EF200A49730 /* MoviesListViewController.swift in Sources */,
				493F474329F9FD7100A49730 /* Movie.swift in Sources */,
				49565F1429F74F4400E4B59B /* AppAppearance.swift in Sources */,
			);
			runOnlyForDeploymentPostprocessing = 0;
		};
/* End PBXSourcesBuildPhase section */

/* Begin PBXVariantGroup section */
		49565F0829F74D0C00E4B59B /* LaunchScreen.storyboard */ = {
			isa = PBXVariantGroup;
			children = (
				49565F0929F74D0C00E4B59B /* Base */,
			);
			name = LaunchScreen.storyboard;
			sourceTree = "<group>";
		};
/* End PBXVariantGroup section */

/* Begin XCBuildConfiguration section */
		49565F0C29F74D0C00E4B59B /* Debug */ = {
			isa = XCBuildConfiguration;
			buildSettings = {
				ALWAYS_SEARCH_USER_PATHS = NO;
				CLANG_ANALYZER_NONNULL = YES;
				CLANG_ANALYZER_NUMBER_OBJECT_CONVERSION = YES_AGGRESSIVE;
				CLANG_CXX_LANGUAGE_STANDARD = "gnu++20";
				CLANG_ENABLE_MODULES = YES;
				CLANG_ENABLE_OBJC_ARC = YES;
				CLANG_ENABLE_OBJC_WEAK = YES;
				CLANG_WARN_BLOCK_CAPTURE_AUTORELEASING = YES;
				CLANG_WARN_BOOL_CONVERSION = YES;
				CLANG_WARN_COMMA = YES;
				CLANG_WARN_CONSTANT_CONVERSION = YES;
				CLANG_WARN_DEPRECATED_OBJC_IMPLEMENTATIONS = YES;
				CLANG_WARN_DIRECT_OBJC_ISA_USAGE = YES_ERROR;
				CLANG_WARN_DOCUMENTATION_COMMENTS = YES;
				CLANG_WARN_EMPTY_BODY = YES;
				CLANG_WARN_ENUM_CONVERSION = YES;
				CLANG_WARN_INFINITE_RECURSION = YES;
				CLANG_WARN_INT_CONVERSION = YES;
				CLANG_WARN_NON_LITERAL_NULL_CONVERSION = YES;
				CLANG_WARN_OBJC_IMPLICIT_RETAIN_SELF = YES;
				CLANG_WARN_OBJC_LITERAL_CONVERSION = YES;
				CLANG_WARN_OBJC_ROOT_CLASS = YES_ERROR;
				CLANG_WARN_QUOTED_INCLUDE_IN_FRAMEWORK_HEADER = YES;
				CLANG_WARN_RANGE_LOOP_ANALYSIS = YES;
				CLANG_WARN_STRICT_PROTOTYPES = YES;
				CLANG_WARN_SUSPICIOUS_MOVE = YES;
				CLANG_WARN_UNGUARDED_AVAILABILITY = YES_AGGRESSIVE;
				CLANG_WARN_UNREACHABLE_CODE = YES;
				CLANG_WARN__DUPLICATE_METHOD_MATCH = YES;
				COPY_PHASE_STRIP = NO;
				DEBUG_INFORMATION_FORMAT = dwarf;
				ENABLE_STRICT_OBJC_MSGSEND = YES;
				ENABLE_TESTABILITY = YES;
				GCC_C_LANGUAGE_STANDARD = gnu11;
				GCC_DYNAMIC_NO_PIC = NO;
				GCC_NO_COMMON_BLOCKS = YES;
				GCC_OPTIMIZATION_LEVEL = 0;
				GCC_PREPROCESSOR_DEFINITIONS = (
					"DEBUG=1",
					"$(inherited)",
				);
				GCC_WARN_64_TO_32_BIT_CONVERSION = YES;
				GCC_WARN_ABOUT_RETURN_TYPE = YES_ERROR;
				GCC_WARN_UNDECLARED_SELECTOR = YES;
				GCC_WARN_UNINITIALIZED_AUTOS = YES_AGGRESSIVE;
				GCC_WARN_UNUSED_FUNCTION = YES;
				GCC_WARN_UNUSED_VARIABLE = YES;
				IPHONEOS_DEPLOYMENT_TARGET = 16.2;
				MTL_ENABLE_DEBUG_INFO = INCLUDE_SOURCE;
				MTL_FAST_MATH = YES;
				ONLY_ACTIVE_ARCH = YES;
				SDKROOT = iphoneos;
				SWIFT_ACTIVE_COMPILATION_CONDITIONS = DEBUG;
				SWIFT_OPTIMIZATION_LEVEL = "-Onone";
			};
			name = Debug;
		};
		49565F0D29F74D0C00E4B59B /* Release */ = {
			isa = XCBuildConfiguration;
			buildSettings = {
				ALWAYS_SEARCH_USER_PATHS = NO;
				CLANG_ANALYZER_NONNULL = YES;
				CLANG_ANALYZER_NUMBER_OBJECT_CONVERSION = YES_AGGRESSIVE;
				CLANG_CXX_LANGUAGE_STANDARD = "gnu++20";
				CLANG_ENABLE_MODULES = YES;
				CLANG_ENABLE_OBJC_ARC = YES;
				CLANG_ENABLE_OBJC_WEAK = YES;
				CLANG_WARN_BLOCK_CAPTURE_AUTORELEASING = YES;
				CLANG_WARN_BOOL_CONVERSION = YES;
				CLANG_WARN_COMMA = YES;
				CLANG_WARN_CONSTANT_CONVERSION = YES;
				CLANG_WARN_DEPRECATED_OBJC_IMPLEMENTATIONS = YES;
				CLANG_WARN_DIRECT_OBJC_ISA_USAGE = YES_ERROR;
				CLANG_WARN_DOCUMENTATION_COMMENTS = YES;
				CLANG_WARN_EMPTY_BODY = YES;
				CLANG_WARN_ENUM_CONVERSION = YES;
				CLANG_WARN_INFINITE_RECURSION = YES;
				CLANG_WARN_INT_CONVERSION = YES;
				CLANG_WARN_NON_LITERAL_NULL_CONVERSION = YES;
				CLANG_WARN_OBJC_IMPLICIT_RETAIN_SELF = YES;
				CLANG_WARN_OBJC_LITERAL_CONVERSION = YES;
				CLANG_WARN_OBJC_ROOT_CLASS = YES_ERROR;
				CLANG_WARN_QUOTED_INCLUDE_IN_FRAMEWORK_HEADER = YES;
				CLANG_WARN_RANGE_LOOP_ANALYSIS = YES;
				CLANG_WARN_STRICT_PROTOTYPES = YES;
				CLANG_WARN_SUSPICIOUS_MOVE = YES;
				CLANG_WARN_UNGUARDED_AVAILABILITY = YES_AGGRESSIVE;
				CLANG_WARN_UNREACHABLE_CODE = YES;
				CLANG_WARN__DUPLICATE_METHOD_MATCH = YES;
				COPY_PHASE_STRIP = NO;
				DEBUG_INFORMATION_FORMAT = "dwarf-with-dsym";
				ENABLE_NS_ASSERTIONS = NO;
				ENABLE_STRICT_OBJC_MSGSEND = YES;
				GCC_C_LANGUAGE_STANDARD = gnu11;
				GCC_NO_COMMON_BLOCKS = YES;
				GCC_WARN_64_TO_32_BIT_CONVERSION = YES;
				GCC_WARN_ABOUT_RETURN_TYPE = YES_ERROR;
				GCC_WARN_UNDECLARED_SELECTOR = YES;
				GCC_WARN_UNINITIALIZED_AUTOS = YES_AGGRESSIVE;
				GCC_WARN_UNUSED_FUNCTION = YES;
				GCC_WARN_UNUSED_VARIABLE = YES;
				IPHONEOS_DEPLOYMENT_TARGET = 16.2;
				MTL_ENABLE_DEBUG_INFO = NO;
				MTL_FAST_MATH = YES;
				SDKROOT = iphoneos;
				SWIFT_COMPILATION_MODE = wholemodule;
				SWIFT_OPTIMIZATION_LEVEL = "-O";
				VALIDATE_PRODUCT = YES;
			};
			name = Release;
		};
		49565F0F29F74D0C00E4B59B /* Debug */ = {
			isa = XCBuildConfiguration;
			buildSettings = {
				ASSETCATALOG_COMPILER_APPICON_NAME = AppIcon;
				ASSETCATALOG_COMPILER_GLOBAL_ACCENT_COLOR_NAME = AccentColor;
				CODE_SIGN_STYLE = Automatic;
				CURRENT_PROJECT_VERSION = 1;
				DEVELOPMENT_TEAM = HDFLLXK789;
				GENERATE_INFOPLIST_FILE = YES;
				INFOPLIST_FILE = CleanArchitectureSample/Info.plist;
				INFOPLIST_KEY_UIApplicationSupportsIndirectInputEvents = YES;
				INFOPLIST_KEY_UILaunchStoryboardName = LaunchScreen;
				INFOPLIST_KEY_UIMainStoryboardFile = "";
				INFOPLIST_KEY_UISupportedInterfaceOrientations_iPad = "UIInterfaceOrientationPortrait UIInterfaceOrientationPortraitUpsideDown UIInterfaceOrientationLandscapeLeft UIInterfaceOrientationLandscapeRight";
				INFOPLIST_KEY_UISupportedInterfaceOrientations_iPhone = "UIInterfaceOrientationPortrait UIInterfaceOrientationLandscapeLeft UIInterfaceOrientationLandscapeRight";
				LD_RUNPATH_SEARCH_PATHS = (
					"$(inherited)",
					"@executable_path/Frameworks",
				);
				MARKETING_VERSION = 1.0;
				PRODUCT_BUNDLE_IDENTIFIER = com.ycompany.CleanArchitectureSample;
				PRODUCT_NAME = "$(TARGET_NAME)";
				SWIFT_EMIT_LOC_STRINGS = YES;
				SWIFT_VERSION = 5.0;
				TARGETED_DEVICE_FAMILY = "1,2";
			};
			name = Debug;
		};
		49565F1029F74D0C00E4B59B /* Release */ = {
			isa = XCBuildConfiguration;
			buildSettings = {
				ASSETCATALOG_COMPILER_APPICON_NAME = AppIcon;
				ASSETCATALOG_COMPILER_GLOBAL_ACCENT_COLOR_NAME = AccentColor;
				CODE_SIGN_STYLE = Automatic;
				CURRENT_PROJECT_VERSION = 1;
				DEVELOPMENT_TEAM = HDFLLXK789;
				GENERATE_INFOPLIST_FILE = YES;
				INFOPLIST_FILE = CleanArchitectureSample/Info.plist;
				INFOPLIST_KEY_UIApplicationSupportsIndirectInputEvents = YES;
				INFOPLIST_KEY_UILaunchStoryboardName = LaunchScreen;
				INFOPLIST_KEY_UIMainStoryboardFile = "";
				INFOPLIST_KEY_UISupportedInterfaceOrientations_iPad = "UIInterfaceOrientationPortrait UIInterfaceOrientationPortraitUpsideDown UIInterfaceOrientationLandscapeLeft UIInterfaceOrientationLandscapeRight";
				INFOPLIST_KEY_UISupportedInterfaceOrientations_iPhone = "UIInterfaceOrientationPortrait UIInterfaceOrientationLandscapeLeft UIInterfaceOrientationLandscapeRight";
				LD_RUNPATH_SEARCH_PATHS = (
					"$(inherited)",
					"@executable_path/Frameworks",
				);
				MARKETING_VERSION = 1.0;
				PRODUCT_BUNDLE_IDENTIFIER = com.ycompany.CleanArchitectureSample;
				PRODUCT_NAME = "$(TARGET_NAME)";
				SWIFT_EMIT_LOC_STRINGS = YES;
				SWIFT_VERSION = 5.0;
				TARGETED_DEVICE_FAMILY = "1,2";
			};
			name = Release;
		};
/* End XCBuildConfiguration section */

/* Begin XCConfigurationList section */
		49565EF529F74D0A00E4B59B /* Build configuration list for PBXProject "CleanArchitectureSample" */ = {
			isa = XCConfigurationList;
			buildConfigurations = (
				49565F0C29F74D0C00E4B59B /* Debug */,
				49565F0D29F74D0C00E4B59B /* Release */,
			);
			defaultConfigurationIsVisible = 0;
			defaultConfigurationName = Release;
		};
		49565F0E29F74D0C00E4B59B /* Build configuration list for PBXNativeTarget "CleanArchitectureSample" */ = {
			isa = XCConfigurationList;
			buildConfigurations = (
				49565F0F29F74D0C00E4B59B /* Debug */,
				49565F1029F74D0C00E4B59B /* Release */,
			);
			defaultConfigurationIsVisible = 0;
			defaultConfigurationName = Release;
		};
/* End XCConfigurationList section */

/* Begin XCRemoteSwiftPackageReference section */
		490E884529FB8B900016F155 /* XCRemoteSwiftPackageReference "SnapKit" */ = {
			isa = XCRemoteSwiftPackageReference;
			repositoryURL = "https://github.com/SnapKit/SnapKit.git";
			requirement = {
				kind = upToNextMajorVersion;
				minimumVersion = 5.0.0;
			};
		};
/* End XCRemoteSwiftPackageReference section */

/* Begin XCSwiftPackageProductDependency section */
		490E884629FB8B900016F155 /* SnapKit */ = {
			isa = XCSwiftPackageProductDependency;
			package = 490E884529FB8B900016F155 /* XCRemoteSwiftPackageReference "SnapKit" */;
			productName = SnapKit;
		};
/* End XCSwiftPackageProductDependency section */
	};
	rootObject = 49565EF229F74D0A00E4B59B /* Project object */;
}
